{
    "_readme": [
        "This file locks the dependencies of your project to a known state",
        "Read more about it at https://getcomposer.org/doc/01-basic-usage.md#composer-lock-the-lock-file",
        "This file is @generated automatically"
    ],
    "hash": "0f94f1ecaa037be9b4fcf150ce1d1de1",
    "content-hash": "f0cf4d0295bf22fb7c7414291161925b",
    "packages": [
        {
            "name": "4k1r0/codeigniterdb",
            "version": "dev-master",
            "source": {
                "type": "git",
                "url": "https://github.com/4k1r0/codeigniter-database-standalone.git",
                "reference": "d643dc86195fa1c206ada552c364fef5d79707e4"
            },
            "dist": {
                "type": "zip",
                "url": "https://api.github.com/repos/4k1r0/codeigniter-database-standalone/zipball/d643dc86195fa1c206ada552c364fef5d79707e4",
                "reference": "d643dc86195fa1c206ada552c364fef5d79707e4",
                "shasum": ""
            },
            "require": {
                "php": ">=5.3.0"
            },
            "type": "library",
            "autoload": {
                "psr-0": {
                    "Evolution\\CodeIgniterDB\\": "src/"
                },
                "files": [
                    "src/DB.php"
                ]
            },
            "license": [
                "MIT"
            ],
            "authors": [
                {
                    "name": "EvolutionScript",
                    "homepage": "http://www.evolutionscript.com/"
                }
            ],
            "description": "Use the database library separately from CodeIgniter 3 (fork from evolution/codeigniterdb)",
            "homepage": "https://github.com/evolutionscript/codeigniter-database-standalone",
            "keywords": [
                "codeigniter",
                "database",
                "mysql",
                "mysqli",
                "pdo"
            ],
            "support": {
                "source": "https://github.com/4k1r0/codeigniter-database-standalone/tree/master"
            },
            "time": "2016-09-14 14:18:17"
        },
        {
            "name": "composer/installers",
            "version": "dev-master",
            "source": {
                "type": "git",
                "url": "https://github.com/composer/installers.git",
                "reference": "d78064c68299743e0161004f2de3a0204e33b804"
            },
            "dist": {
                "type": "zip",
                "url": "https://api.github.com/repos/composer/installers/zipball/d78064c68299743e0161004f2de3a0204e33b804",
                "reference": "d78064c68299743e0161004f2de3a0204e33b804",
                "shasum": ""
            },
            "require": {
                "composer-plugin-api": "^1.0"
            },
            "replace": {
                "roundcube/plugin-installer": "*",
                "shama/baton": "*"
            },
            "require-dev": {
                "composer/composer": "1.0.*@dev",
                "phpunit/phpunit": "4.1.*"
            },
            "type": "composer-plugin",
            "extra": {
                "class": "Composer\\Installers\\Plugin",
                "branch-alias": {
                    "dev-master": "1.0-dev"
                }
            },
            "autoload": {
                "psr-4": {
                    "Composer\\Installers\\": "src/Composer/Installers"
                }
            },
            "notification-url": "https://packagist.org/downloads/",
            "license": [
                "MIT"
            ],
            "authors": [
                {
                    "name": "Kyle Robinson Young",
                    "email": "kyle@dontkry.com",
                    "homepage": "https://github.com/shama"
                }
            ],
            "description": "A multi-framework Composer library installer",
            "homepage": "https://composer.github.io/installers/",
            "keywords": [
                "Craft",
                "Dolibarr",
                "Hurad",
                "ImageCMS",
                "MODX Evo",
                "Mautic",
                "OXID",
                "Plentymarkets",
                "RadPHP",
                "SMF",
                "Thelia",
                "WolfCMS",
                "agl",
                "aimeos",
                "annotatecms",
                "attogram",
                "bitrix",
                "cakephp",
                "chef",
                "cockpit",
                "codeigniter",
                "concrete5",
                "croogo",
                "dokuwiki",
                "drupal",
                "elgg",
                "expressionengine",
                "fuelphp",
                "grav",
                "installer",
                "joomla",
                "kohana",
                "laravel",
                "lithium",
                "magento",
                "mako",
                "mediawiki",
                "modulework",
                "moodle",
                "phpbb",
                "piwik",
                "ppi",
                "puppet",
                "reindex",
                "roundcube",
                "shopware",
                "silverstripe",
                "symfony",
                "typo3",
                "wordpress",
                "yawik",
                "zend",
                "zikula"
            ],
            "time": "2016-08-13 20:53:52"
        }
    ],
    "packages-dev": [],
    "aliases": [],
    "minimum-stability": "dev",
    "stability-flags": {
        "4k1r0/codeigniterdb": 20
    },
    "prefer-stable": false,
    "prefer-lowest": false,
    "platform": {
        "php": ">=5.3.0"
    },
    "platform-dev": []
}
